Microsoft Visual Studio Solution File, Format Version 11.00
# Visual Studio 2008

Project("{8B5B65FE-ED2B-7F50-D371-AA645A0362C8}") = "Janken-Unity", "Assembly-CSharp-firstpass.csproj", "{76F60299-FDDC-EC29-880B-1BCF0EA00AC4}"
EndProject
Project("{8B5B65FE-ED2B-7F50-D371-AA645A0362C8}") = "Janken-Unity", "Assembly-CSharp.csproj", "{8956075B-6279-39EF-FA35-32CCCDE68C73}"
EndProject
Global
	GlobalSection(SolutionConfigurationPlatforms) = preSolution
		Debug|Any CPU = Debug|Any CPU
		Release|Any CPU = Release|Any CPU
	EndGlobalSection
	GlobalSection(ProjectConfigurationPlatforms) = postSolution
		{76F60299-FDDC-EC29-880B-1BCF0EA00AC4}.Debug|Any CPU.ActiveCfg = Debug|Any CPU
		{76F60299-FDDC-EC29-880B-1BCF0EA00AC4}.Debug|Any CPU.Build.0 = Debug|Any CPU
		{76F60299-FDDC-EC29-880B-1BCF0EA00AC4}.Release|Any CPU.ActiveCfg = Release|Any CPU
		{76F60299-FDDC-EC29-880B-1BCF0EA00AC4}.Release|Any CPU.Build.0 = Release|Any CPU
		{8956075B-6279-39EF-FA35-32CCCDE68C73}.Debug|Any CPU.ActiveCfg = Debug|Any CPU
		{8956075B-6279-39EF-FA35-32CCCDE68C73}.Debug|Any CPU.Build.0 = Debug|Any CPU
		{8956075B-6279-39EF-FA35-32CCCDE68C73}.Release|Any CPU.ActiveCfg = Release|Any CPU
		{8956075B-6279-39EF-FA35-32CCCDE68C73}.Release|Any CPU.Build.0 = Release|Any CPU
	EndGlobalSection
	GlobalSection(SolutionProperties) = preSolution
		HideSolutionNode = FALSE
	EndGlobalSection
	GlobalSection(MonoDevelopProperties) = preSolution
		StartupItem = Assembly-CSharp.csproj
	EndGlobalSection
EndGlobal
